
Microsoft Visual Studio Solution File, Format Version 12.00
# Visual Studio Version 16
VisualStudioVersion = 16.0.30104.148
MinimumVisualStudioVersion = 10.0.40219.1
Project("{FAE04EC0-301F-11D3-BF4B-00C04F79EFBC}") = "OnlinePayment", "OnlinePayment\OnlinePayment.csproj", "{896D8A7E-F2CF-4367-AC74-3068FA6A5297}"
EndProject
Global
	GlobalSection(SolutionConfigurationPlatforms) = preSolution
		Debug|Any CPU = Debug|Any CPU
		Release|Any CPU = Release|Any CPU
	EndGlobalSection
	GlobalSection(ProjectConfigurationPlatforms) = postSolution
		{896D8A7E-F2CF-4367-AC74-3068FA6A5297}.Debug|Any CPU.ActiveCfg = Debug|Any CPU
		{896D8A7E-F2CF-4367-AC74-3068FA6A5297}.Debug|Any CPU.Build.0 = Debug|Any CPU
		{896D8A7E-F2CF-4367-AC74-3068FA6A5297}.Release|Any CPU.ActiveCfg = Release|Any CPU
		{896D8A7E-F2CF-4367-AC74-3068FA6A5297}.Release|Any CPU.Build.0 = Release|Any CPU
	EndGlobalSection
	GlobalSection(SolutionProperties) = preSolution
		HideSolutionNode = FALSE
	EndGlobalSection
	GlobalSection(ExtensibilityGlobals) = postSolution
		SolutionGuid = {11FD3E2D-1655-4C6F-9225-2D67807A1254}
	EndGlobalSection
EndGlobal
